# GENERATED FILE - DO NOT EDIT DIRECTLY
schema_version: 1

bundle:
  version: "0.7.0"
  release_sequence: 54
  channel: "stable"
  source_tree_digest: "sha256:0ae904f255c51e5a67395fd31ff479962953af959984e8a7a52fe802a33cfdc6"
  digest: "sha256:b772a1c9f1033826fa12aeb1d806e74cffbdab6cc0a396cdfcf8f6f32ea7d34e"
  attestation_identity_digest: "sha256:c3296ac7aeae7f4140737f29c09dd8bd3bf539215a76eedac186074711aabe3b"

projection:
  input_digest: "sha256:1ac294e3c63926a0c474150fc460fc53b6dce2d8db4fcad4f2478ca9eb6dd902"
  output_digest: "sha256:c66965bd0f69b65ef91b900d08b09413985413e19d0e7bae56f3fe6a08112345"
  files:
    - path: ".gds/compiled-policy.json"
      digest: "sha256:b98c2a250939e91af5615e4d5ff21ff825355f34fc811af4e535d5ab8e497f22"
