# GENERATED FILE - DO NOT EDIT DIRECTLY
schema_version: 1

bundle:
  version: "0.7.0-rc.5"
  release_sequence: 51
  channel: "canary"
  source_tree_digest: "sha256:0f97f134d2ad0bddb7684bf4d589a8006219bb838ba99550d304eb2d6e2f1fe9"
  digest: "sha256:57b43610ba75d9176456da49f8a825504095458ddcc9ce1caac1821f9ca45f6d"
  attestation_identity_digest: "sha256:1e3ecaa9aa1cd2265ff3714ec89dbea8ed742c0e5bcc73b09d8bb373cbf12e6a"

projection:
  input_digest: "sha256:1b546222c220552106759abf681f74586b975eb906223ef8c1658dc1e254313e"
  output_digest: "sha256:d4ee8564254734562883ae072971fcd83d8238858c110ec9bf1669c28416eb37"
  files:
    - path: ".gds/compiled-policy.json"
      digest: "sha256:6d00d92c01d8c3ecfe586e0469e5ddc412931e26de68cd79a7025328ef232f2c"
