# GENERATED FILE - DO NOT EDIT DIRECTLY
schema_version: 1

bundle:
  version: "0.8.0"
  release_sequence: 55
  channel: "stable"
  source_tree_digest: "sha256:059be9ccd7b94dbb2ed1d00de45ea0f33de430325aa15f0646c04eb35fd10249"
  digest: "sha256:e582619f2c9bf192b57b761418d52afe520630a074cbdae3ae9199223c33c93e"
  attestation_identity_digest: "sha256:e1b787c63de916f750e2cbcbf664967669024e1062964515f612b2c826c9e10d"

projection:
  input_digest: "sha256:1c2b65c2886f338b2dabce9f2e40b719d312fe47dcaf9a813f4680b58ac94cc7"
  output_digest: "sha256:fda2bb4fcd38154c11670bb3f8c077ea59be48c40e0454fe3d08a5cf252591be"
  files:
    - path: ".gds/compiled-policy.json"
      digest: "sha256:ea484ae09a8f0e97f0cfb7051b0bd5536076ecd7acd6db917c7cc1e4ed6a0b9d"
